Microsoft Visual Studio Solution File, Format Version 11.00
# Visual Studio 2008

Project("{229803E3-8BC6-5596-79BF-D89524550353}") = "Revenge", "Assembly-CSharp.csproj", "{5D7E7B3B-F3FC-9978-7F0E-EC34FACCDB28}"
EndProject
Global
	GlobalSection(SolutionConfigurationPlatforms) = preSolution
		Debug|Any CPU = Debug|Any CPU
		Release|Any CPU = Release|Any CPU
	EndGlobalSection
	GlobalSection(ProjectConfigurationPlatforms) = postSolution
		{5D7E7B3B-F3FC-9978-7F0E-EC34FACCDB28}.Debug|Any CPU.ActiveCfg = Debug|Any CPU
		{5D7E7B3B-F3FC-9978-7F0E-EC34FACCDB28}.Debug|Any CPU.Build.0 = Debug|Any CPU
		{5D7E7B3B-F3FC-9978-7F0E-EC34FACCDB28}.Release|Any CPU.ActiveCfg = Release|Any CPU
		{5D7E7B3B-F3FC-9978-7F0E-EC34FACCDB28}.Release|Any CPU.Build.0 = Release|Any CPU
	EndGlobalSection
	GlobalSection(SolutionProperties) = preSolution
		HideSolutionNode = FALSE
	EndGlobalSection
	GlobalSection(MonoDevelopProperties) = preSolution
		StartupItem = Assembly-CSharp.csproj
	EndGlobalSection
EndGlobal
